
Microsoft Visual Studio Solution File, Format Version 12.00
Project("{2150E333-8FDC-42A3-9474-1A3956D46DE8}") = "src", "src", "{32CC8A86-A855-4538-B477-4E90F731E598}"
EndProject
Project("{FAE04EC0-301F-11D3-BF4B-00C04F79EFBC}") = "Bot", "src\Bot\Bot.csproj", "{875012E8-17D1-4005-A832-C23FEB3666C5}"
EndProject
Global
	GlobalSection(SolutionConfigurationPlatforms) = preSolution
		Debug|Any CPU = Debug|Any CPU
		Release|Any CPU = Release|Any CPU
	EndGlobalSection
	GlobalSection(NestedProjects) = preSolution
		{875012E8-17D1-4005-A832-C23FEB3666C5} = {32CC8A86-A855-4538-B477-4E90F731E598}
	EndGlobalSection
	GlobalSection(ProjectConfigurationPlatforms) = postSolution
		{875012E8-17D1-4005-A832-C23FEB3666C5}.Debug|Any CPU.ActiveCfg = Debug|Any CPU
		{875012E8-17D1-4005-A832-C23FEB3666C5}.Debug|Any CPU.Build.0 = Debug|Any CPU
		{875012E8-17D1-4005-A832-C23FEB3666C5}.Release|Any CPU.ActiveCfg = Release|Any CPU
		{875012E8-17D1-4005-A832-C23FEB3666C5}.Release|Any CPU.Build.0 = Release|Any CPU
	EndGlobalSection
EndGlobal
